
Microsoft Visual Studio Solution File, Format Version 12.00
# Visual Studio 15
VisualStudioVersion = 15.0.26430.14
MinimumVisualStudioVersion = 10.0.40219.1
Project("{F184B08F-C81C-45F6-A57F-5ABD9991F28F}") = "ConsoleApp_ExcelReader", "ConsoleApp_ExcelReader\ConsoleApp_ExcelReader.vbproj", "{FA1314AB-F9A0-465B-BAE4-9C9861F47638}"
EndProject
Global
	GlobalSection(SolutionConfigurationPlatforms) = preSolution
		Debug|Any CPU = Debug|Any CPU
		Release|Any CPU = Release|Any CPU
	EndGlobalSection
	GlobalSection(ProjectConfigurationPlatforms) = postSolution
		{FA1314AB-F9A0-465B-BAE4-9C9861F47638}.Debug|Any CPU.ActiveCfg = Debug|Any CPU
		{FA1314AB-F9A0-465B-BAE4-9C9861F47638}.Debug|Any CPU.Build.0 = Debug|Any CPU
		{FA1314AB-F9A0-465B-BAE4-9C9861F47638}.Release|Any CPU.ActiveCfg = Release|Any CPU
		{FA1314AB-F9A0-465B-BAE4-9C9861F47638}.Release|Any CPU.Build.0 = Release|Any CPU
	EndGlobalSection
	GlobalSection(SolutionProperties) = preSolution
		HideSolutionNode = FALSE
	EndGlobalSection
EndGlobal
